
Microsoft Visual Studio Solution File, Format Version 12.00
# Visual Studio 15
VisualStudioVersion = 15.0.27428.2005
MinimumVisualStudioVersion = 10.0.40219.1
Project("{FAE04EC0-301F-11D3-BF4B-00C04F79EFBC}") = "FileHandling", "SaveFileToDisk\FileHandling.csproj", "{04A0B82E-B465-4D93-A5D4-E02E4085169E}"
EndProject
Project("{FAE04EC0-301F-11D3-BF4B-00C04F79EFBC}") = "HandleContactFile", "HandleContactFile\HandleContactFile.csproj", "{BFC6116D-A838-4EEE-8039-F3305132F4BD}"
EndProject
Project("{FAE04EC0-301F-11D3-BF4B-00C04F79EFBC}") = "HandleContactList", "HandleContactList\HandleContactList.csproj", "{39E62E32-49EF-45C0-AC51-7C2A422D5460}"
EndProject
Project("{FAE04EC0-301F-11D3-BF4B-00C04F79EFBC}") = "HandleBinaryContactList", "HandleBinaryContactList\HandleBinaryContactList.csproj", "{3FAB84E0-C669-42CF-B50E-567B751FC93F}"
EndProject
Project("{FAE04EC0-301F-11D3-BF4B-00C04F79EFBC}") = "RecepieList", "RecepieList\RecepieList.csproj", "{77A38F0E-2CC3-4BE2-ABD4-F709D8B889EA}"
EndProject
Project("{2150E333-8FDC-42A3-9474-1A3956D46DE8}") = "Files", "Files", "{4954131F-C5A3-4C7C-8B1F-191B0A4C23E9}"
EndProject
Project("{2150E333-8FDC-42A3-9474-1A3956D46DE8}") = "Network", "Network", "{3DBEDE1A-5A24-4EDD-B3C0-94C616748AC9}"
EndProject
Project("{2150E333-8FDC-42A3-9474-1A3956D46DE8}") = "UdpMessenger", "UdpMessenger", "{8C2898BF-0040-4482-B5DD-53A8C6DE19E3}"
EndProject
Project("{FAE04EC0-301F-11D3-BF4B-00C04F79EFBC}") = "UdpSender", "UdpSender\UdpSender.csproj", "{263F727D-ACA1-46C2-81D8-DDDAB5066FE5}"
EndProject
Project("{FAE04EC0-301F-11D3-BF4B-00C04F79EFBC}") = "UdpClient", "UdpClient\UdpClient.csproj", "{B05B4A85-5F84-4E9B-94DD-CC94001CAE49}"
EndProject
Global
	GlobalSection(SolutionConfigurationPlatforms) = preSolution
		Debug|Any CPU = Debug|Any CPU
		Release|Any CPU = Release|Any CPU
	EndGlobalSection
	GlobalSection(ProjectConfigurationPlatforms) = postSolution
		{04A0B82E-B465-4D93-A5D4-E02E4085169E}.Debug|Any CPU.ActiveCfg = Debug|Any CPU
		{04A0B82E-B465-4D93-A5D4-E02E4085169E}.Debug|Any CPU.Build.0 = Debug|Any CPU
		{04A0B82E-B465-4D93-A5D4-E02E4085169E}.Release|Any CPU.ActiveCfg = Release|Any CPU
		{04A0B82E-B465-4D93-A5D4-E02E4085169E}.Release|Any CPU.Build.0 = Release|Any CPU
		{BFC6116D-A838-4EEE-8039-F3305132F4BD}.Debug|Any CPU.ActiveCfg = Debug|Any CPU
		{BFC6116D-A838-4EEE-8039-F3305132F4BD}.Debug|Any CPU.Build.0 = Debug|Any CPU
		{BFC6116D-A838-4EEE-8039-F3305132F4BD}.Release|Any CPU.ActiveCfg = Release|Any CPU
		{BFC6116D-A838-4EEE-8039-F3305132F4BD}.Release|Any CPU.Build.0 = Release|Any CPU
		{39E62E32-49EF-45C0-AC51-7C2A422D5460}.Debug|Any CPU.ActiveCfg = Debug|Any CPU
		{39E62E32-49EF-45C0-AC51-7C2A422D5460}.Debug|Any CPU.Build.0 = Debug|Any CPU
		{39E62E32-49EF-45C0-AC51-7C2A422D5460}.Release|Any CPU.ActiveCfg = Release|Any CPU
		{39E62E32-49EF-45C0-AC51-7C2A422D5460}.Release|Any CPU.Build.0 = Release|Any CPU
		{3FAB84E0-C669-42CF-B50E-567B751FC93F}.Debug|Any CPU.ActiveCfg = Debug|Any CPU
		{3FAB84E0-C669-42CF-B50E-567B751FC93F}.Debug|Any CPU.Build.0 = Debug|Any CPU
		{3FAB84E0-C669-42CF-B50E-567B751FC93F}.Release|Any CPU.ActiveCfg = Release|Any CPU
		{3FAB84E0-C669-42CF-B50E-567B751FC93F}.Release|Any CPU.Build.0 = Release|Any CPU
		{77A38F0E-2CC3-4BE2-ABD4-F709D8B889EA}.Debug|Any CPU.ActiveCfg = Debug|Any CPU
		{77A38F0E-2CC3-4BE2-ABD4-F709D8B889EA}.Debug|Any CPU.Build.0 = Debug|Any CPU
		{77A38F0E-2CC3-4BE2-ABD4-F709D8B889EA}.Release|Any CPU.ActiveCfg = Release|Any CPU
		{77A38F0E-2CC3-4BE2-ABD4-F709D8B889EA}.Release|Any CPU.Build.0 = Release|Any CPU
		{263F727D-ACA1-46C2-81D8-DDDAB5066FE5}.Debug|Any CPU.ActiveCfg = Debug|Any CPU
		{263F727D-ACA1-46C2-81D8-DDDAB5066FE5}.Debug|Any CPU.Build.0 = Debug|Any CPU
		{263F727D-ACA1-46C2-81D8-DDDAB5066FE5}.Release|Any CPU.ActiveCfg = Release|Any CPU
		{263F727D-ACA1-46C2-81D8-DDDAB5066FE5}.Release|Any CPU.Build.0 = Release|Any CPU
		{B05B4A85-5F84-4E9B-94DD-CC94001CAE49}.Debug|Any CPU.ActiveCfg = Debug|Any CPU
		{B05B4A85-5F84-4E9B-94DD-CC94001CAE49}.Debug|Any CPU.Build.0 = Debug|Any CPU
		{B05B4A85-5F84-4E9B-94DD-CC94001CAE49}.Release|Any CPU.ActiveCfg = Release|Any CPU
		{B05B4A85-5F84-4E9B-94DD-CC94001CAE49}.Release|Any CPU.Build.0 = Release|Any CPU
	EndGlobalSection
	GlobalSection(SolutionProperties) = preSolution
		HideSolutionNode = FALSE
	EndGlobalSection
	GlobalSection(NestedProjects) = preSolution
		{04A0B82E-B465-4D93-A5D4-E02E4085169E} = {4954131F-C5A3-4C7C-8B1F-191B0A4C23E9}
		{BFC6116D-A838-4EEE-8039-F3305132F4BD} = {4954131F-C5A3-4C7C-8B1F-191B0A4C23E9}
		{39E62E32-49EF-45C0-AC51-7C2A422D5460} = {4954131F-C5A3-4C7C-8B1F-191B0A4C23E9}
		{3FAB84E0-C669-42CF-B50E-567B751FC93F} = {4954131F-C5A3-4C7C-8B1F-191B0A4C23E9}
		{77A38F0E-2CC3-4BE2-ABD4-F709D8B889EA} = {4954131F-C5A3-4C7C-8B1F-191B0A4C23E9}
		{8C2898BF-0040-4482-B5DD-53A8C6DE19E3} = {3DBEDE1A-5A24-4EDD-B3C0-94C616748AC9}
		{263F727D-ACA1-46C2-81D8-DDDAB5066FE5} = {8C2898BF-0040-4482-B5DD-53A8C6DE19E3}
		{B05B4A85-5F84-4E9B-94DD-CC94001CAE49} = {8C2898BF-0040-4482-B5DD-53A8C6DE19E3}
	EndGlobalSection
	GlobalSection(ExtensibilityGlobals) = postSolution
		SolutionGuid = {FDD55FF7-4725-4DB8-8A0F-F27BF08628A1}
	EndGlobalSection
EndGlobal
